// !$*UTF8*$!
{
	archiveVersion = 1;
	classes = {
	};
	objectVersion = 46;
	objects = {

/* Begin PBXBuildFile section */
		944724F91B0F428D00D83C59 /* WaypointImageViewController.swift in Sources */ = {isa = PBXBuildFile; fileRef = 944724F81B0F428D00D83C59 /* WaypointImageViewController.swift */; };
		944724FB1B0F44FF00D83C59 /* SimpleMapViewController.swift in Sources */ = {isa = PBXBuildFile; fileRef = 944724FA1B0F44FF00D83C59 /* SimpleMapViewController.swift */; };
		946FEBC41B0C6FCE00DA0D56 /* GPX.swift in Sources */ = {isa = PBXBuildFile; fileRef = 946FEBC31B0C6FCE00DA0D56 /* GPX.swift */; };
		946FEBC61B0C729800DA0D56 /* MKGPX.swift in Sources */ = {isa = PBXBuildFile; fileRef = 946FEBC51B0C729800DA0D56 /* MKGPX.swift */; };
		946FEBC81B0C7CE500DA0D56 /* ImageViewController.swift in Sources */ = {isa = PBXBuildFile; fileRef = 946FEBC71B0C7CE500DA0D56 /* ImageViewController.swift */; };
		946FEBCA1B0D803F00DA0D56 /* EditWaypointViewController.swift in Sources */ = {isa = PBXBuildFile; fileRef = 946FEBC91B0D803F00DA0D56 /* EditWaypointViewController.swift */; };
		949821801B0B24EC00AC3239 /* AppDelegate.swift in Sources */ = {isa = PBXBuildFile; fileRef = 9498217F1B0B24EC00AC3239 /* AppDelegate.swift */; };
		949821821B0B24EC00AC3239 /* GPXViewController.swift in Sources */ = {isa = PBXBuildFile; fileRef = 949821811B0B24EC00AC3239 /* GPXViewController.swift */; };
		949821851B0B24EC00AC3239 /* Main.storyboard in Resources */ = {isa = PBXBuildFile; fileRef = 949821831B0B24EC00AC3239 /* Main.storyboard */; };
		949821871B0B24EC00AC3239 /* Images.xcassets in Resources */ = {isa = PBXBuildFile; fileRef = 949821861B0B24EC00AC3239 /* Images.xcassets */; };
		9498218A1B0B24EC00AC3239 /* LaunchScreen.xib in Resources */ = {isa = PBXBuildFile; fileRef = 949821881B0B24EC00AC3239 /* LaunchScreen.xib */; };
		949821961B0B24EC00AC3239 /* TraxTests.swift in Sources */ = {isa = PBXBuildFile; fileRef = 949821951B0B24EC00AC3239 /* TraxTests.swift */; };
/* End PBXBuildFile section */

/* Begin PBXContainerItemProxy section */
		949821901B0B24EC00AC3239 /* PBXContainerItemProxy */ = {
			isa = PBXContainerItemProxy;
			containerPortal = 949821721B0B24EC00AC3239 /* Project object */;
			proxyType = 1;
			remoteGlobalIDString = 949821791B0B24EC00AC3239;
			remoteInfo = Trax;
		};
/* End PBXContainerItemProxy section */

/* Begin PBXFileReference section */
		944724F81B0F428D00D83C59 /* WaypointImageViewController.swift */ = {isa = PBXFileReference; fileEncoding = 4; lastKnownFileType = sourcecode.swift; path = WaypointImageViewController.swift; sourceTree = "<group>"; };
		944724FA1B0F44FF00D83C59 /* SimpleMapViewController.swift */ = {isa = PBXFileReference; fileEncoding = 4; lastKnownFileType = sourcecode.swift; path = SimpleMapViewController.swift; sourceTree = "<group>"; };
		946FEBC31B0C6FCE00DA0D56 /* GPX.swift */ = {isa = PBXFileReference; fileEncoding = 4; lastKnownFileType = sourcecode.swift; path = GPX.swift; sourceTree = "<group>"; };
		946FEBC51B0C729800DA0D56 /* MKGPX.swift */ = {isa = PBXFileReference; fileEncoding = 4; lastKnownFileType = sourcecode.swift; path = MKGPX.swift; sourceTree = "<group>"; };
		946FEBC71B0C7CE500DA0D56 /* ImageViewController.swift */ = {isa = PBXFileReference; fileEncoding = 4; lastKnownFileType = sourcecode.swift; path = ImageViewController.swift; sourceTree = "<group>"; };
		946FEBC91B0D803F00DA0D56 /* EditWaypointViewController.swift */ = {isa = PBXFileReference; fileEncoding = 4; lastKnownFileType = sourcecode.swift; path = EditWaypointViewController.swift; sourceTree = "<group>"; };
		9498217A1B0B24EC00AC3239 /* Trax.app */ = {isa = PBXFileReference; explicitFileType = wrapper.application; includeInIndex = 0; path = Trax.app; sourceTree = BUILT_PRODUCTS_DIR; };
		9498217E1B0B24EC00AC3239 /* Info.plist */ = {isa = PBXFileReference; lastKnownFileType = text.plist.xml; path = Info.plist; sourceTree = "<group>"; };
		9498217F1B0B24EC00AC3239 /* AppDelegate.swift */ = {isa = PBXFileReference; lastKnownFileType = sourcecode.swift; path = AppDelegate.swift; sourceTree = "<group>"; };
		949821811B0B24EC00AC3239 /* GPXViewController.swift */ = {isa = PBXFileReference; lastKnownFileType = sourcecode.swift; path = GPXViewController.swift; sourceTree = "<group>"; };
		949821841B0B24EC00AC3239 /* Base */ = {isa = PBXFileReference; lastKnownFileType = file.storyboard; name = Base; path = Base.lproj/Main.storyboard; sourceTree = "<group>"; };
		949821861B0B24EC00AC3239 /* Images.xcassets */ = {isa = PBXFileReference; lastKnownFileType = folder.assetcatalog; path = Images.xcassets; sourceTree = "<group>"; };
		949821891B0B24EC00AC3239 /* Base */ = {isa = PBXFileReference; lastKnownFileType = file.xib; name = Base; path = Base.lproj/LaunchScreen.xib; sourceTree = "<group>"; };
		9498218F1B0B24EC00AC3239 /* TraxTests.xctest */ = {isa = PBXFileReference; explicitFileType = wrapper.cfbundle; includeInIndex = 0; path = TraxTests.xctest; sourceTree = BUILT_PRODUCTS_DIR; };
		949821941B0B24EC00AC3239 /* Info.plist */ = {isa = PBXFileReference; lastKnownFileType = text.plist.xml; path = Info.plist; sourceTree = "<group>"; };
		949821951B0B24EC00AC3239 /* TraxTests.swift */ = {isa = PBXFileReference; lastKnownFileType = sourcecode.swift; path = TraxTests.swift; sourceTree = "<group>"; };
/* End PBXFileReference section */

/* Begin PBXFrameworksBuildPhase section */
		949821771B0B24EC00AC3239 /* Frameworks */ = {
			isa = PBXFrameworksBuildPhase;
			buildActionMask = 2147483647;
			files = (
			);
			runOnlyForDeploymentPostprocessing = 0;
		};
		9498218C1B0B24EC00AC3239 /* Frameworks */ = {
			isa = PBXFrameworksBuildPhase;
			buildActionMask = 2147483647;
			files = (
			);
			runOnlyForDeploymentPostprocessing = 0;
		};
/* End PBXFrameworksBuildPhase section */

/* Begin PBXGroup section */
		949821711B0B24EC00AC3239 = {
			isa = PBXGroup;
			children = (
				9498217C1B0B24EC00AC3239 /* Trax */,
				949821921B0B24EC00AC3239 /* TraxTests */,
				9498217B1B0B24EC00AC3239 /* Products */,
			);
			sourceTree = "<group>";
		};
		9498217B1B0B24EC00AC3239 /* Products */ = {
			isa = PBXGroup;
			children = (
				9498217A1B0B24EC00AC3239 /* Trax.app */,
				9498218F1B0B24EC00AC3239 /* TraxTests.xctest */,
			);
			name = Products;
			sourceTree = "<group>";
		};
		9498217C1B0B24EC00AC3239 /* Trax */ = {
			isa = PBXGroup;
			children = (
				9498217F1B0B24EC00AC3239 /* AppDelegate.swift */,
				949821811B0B24EC00AC3239 /* GPXViewController.swift */,
				949821831B0B24EC00AC3239 /* Main.storyboard */,
				946FEBC31B0C6FCE00DA0D56 /* GPX.swift */,
				946FEBC51B0C729800DA0D56 /* MKGPX.swift */,
				946FEBC71B0C7CE500DA0D56 /* ImageViewController.swift */,
				946FEBC91B0D803F00DA0D56 /* EditWaypointViewController.swift */,
				944724F81B0F428D00D83C59 /* WaypointImageViewController.swift */,
				944724FA1B0F44FF00D83C59 /* SimpleMapViewController.swift */,
				9498217D1B0B24EC00AC3239 /* Supporting Files */,
			);
			path = Trax;
			sourceTree = "<group>";
		};
		9498217D1B0B24EC00AC3239 /* Supporting Files */ = {
			isa = PBXGroup;
			children = (
				949821881B0B24EC00AC3239 /* LaunchScreen.xib */,
				949821861B0B24EC00AC3239 /* Images.xcassets */,
				9498217E1B0B24EC00AC3239 /* Info.plist */,
			);
			name = "Supporting Files";
			sourceTree = "<group>";
		};
		949821921B0B24EC00AC3239 /* TraxTests */ = {
			isa = PBXGroup;
			children = (
				949821951B0B24EC00AC3239 /* TraxTests.swift */,
				949821931B0B24EC00AC3239 /* Supporting Files */,
			);
			path = TraxTests;
			sourceTree = "<group>";
		};
		949821931B0B24EC00AC3239 /* Supporting Files */ = {
			isa = PBXGroup;
			children = (
				949821941B0B24EC00AC3239 /* Info.plist */,
			);
			name = "Supporting Files";
			sourceTree = "<group>";
		};
/* End PBXGroup section */

/* Begin PBXNativeTarget section */
		949821791B0B24EC00AC3239 /* Trax */ = {
			isa = PBXNativeTarget;
			buildConfigurationList = 949821991B0B24EC00AC3239 /* Build configuration list for PBXNativeTarget "Trax" */;
			buildPhases = (
				949821761B0B24EC00AC3239 /* Sources */,
				949821771B0B24EC00AC3239 /* Frameworks */,
				949821781B0B24EC00AC3239 /* Resources */,
			);
			buildRules = (
			);
			dependencies = (
			);
			name = Trax;
			productName = Trax;
			productReference = 9498217A1B0B24EC00AC3239 /* Trax.app */;
			productType = "com.apple.product-type.application";
		};
		9498218E1B0B24EC00AC3239 /* TraxTests */ = {
			isa = PBXNativeTarget;
			buildConfigurationList = 9498219C1B0B24EC00AC3239 /* Build configuration list for PBXNativeTarget "TraxTests" */;
			buildPhases = (
				9498218B1B0B24EC00AC3239 /* Sources */,
				9498218C1B0B24EC00AC3239 /* Frameworks */,
				9498218D1B0B24EC00AC3239 /* Resources */,
			);
			buildRules = (
			);
			dependencies = (
				949821911B0B24EC00AC3239 /* PBXTargetDependency */,
			);
			name = TraxTests;
			productName = TraxTests;
			productReference = 9498218F1B0B24EC00AC3239 /* TraxTests.xctest */;
			productType = "com.apple.product-type.bundle.unit-test";
		};
/* End PBXNativeTarget section */

/* Begin PBXProject section */
		949821721B0B24EC00AC3239 /* Project object */ = {
			isa = PBXProject;
			attributes = {
				LastUpgradeCheck = 0630;
				ORGANIZATIONNAME = Ryan;
				TargetAttributes = {
					949821791B0B24EC00AC3239 = {
						CreatedOnToolsVersion = 6.3.1;
					};
					9498218E1B0B24EC00AC3239 = {
						CreatedOnToolsVersion = 6.3.1;
						TestTargetID = 949821791B0B24EC00AC3239;
					};
				};
			};
			buildConfigurationList = 949821751B0B24EC00AC3239 /* Build configuration list for PBXProject "Trax" */;
			compatibilityVersion = "Xcode 3.2";
			developmentRegion = English;
			hasScannedForEncodings = 0;
			knownRegions = (
				en,
				Base,
			);
			mainGroup = 949821711B0B24EC00AC3239;
			productRefGroup = 9498217B1B0B24EC00AC3239 /* Products */;
			projectDirPath = "";
			projectRoot = "";
			targets = (
				949821791B0B24EC00AC3239 /* Trax */,
				9498218E1B0B24EC00AC3239 /* TraxTests */,
			);
		};
/* End PBXProject section */

/* Begin PBXResourcesBuildPhase section */
		949821781B0B24EC00AC3239 /* Resources */ = {
			isa = PBXResourcesBuildPhase;
			buildActionMask = 2147483647;
			files = (
				949821851B0B24EC00AC3239 /* Main.storyboard in Resources */,
				9498218A1B0B24EC00AC3239 /* LaunchScreen.xib in Resources */,
				949821871B0B24EC00AC3239 /* Images.xcassets in Resources */,
			);
			runOnlyForDeploymentPostprocessing = 0;
		};
		9498218D1B0B24EC00AC3239 /* Resources */ = {
			isa = PBXResourcesBuildPhase;
			buildActionMask = 2147483647;
			files = (
			);
			runOnlyForDeploymentPostprocessing = 0;
		};
/* End PBXResourcesBuildPhase section */

/* Begin PBXSourcesBuildPhase section */
		949821761B0B24EC00AC3239 /* Sources */ = {
			isa = PBXSourcesBuildPhase;
			buildActionMask = 2147483647;
			files = (
				949821821B0B24EC00AC3239 /* GPXViewController.swift in Sources */,
				944724F91B0F428D00D83C59 /* WaypointImageViewController.swift in Sources */,
				946FEBC61B0C729800DA0D56 /* MKGPX.swift in Sources */,
				946FEBCA1B0D803F00DA0D56 /* EditWaypointViewController.swift in Sources */,
				946FEBC81B0C7CE500DA0D56 /* ImageViewController.swift in Sources */,
				949821801B0B24EC00AC3239 /* AppDelegate.swift in Sources */,
				946FEBC41B0C6FCE00DA0D56 /* GPX.swift in Sources */,
				944724FB1B0F44FF00D83C59 /* SimpleMapViewController.swift in Sources */,
			);
			runOnlyForDeploymentPostprocessing = 0;
		};
		9498218B1B0B24EC00AC3239 /* Sources */ = {
			isa = PBXSourcesBuildPhase;
			buildActionMask = 2147483647;
			files = (
				949821961B0B24EC00AC3239 /* TraxTests.swift in Sources */,
			);
			runOnlyForDeploymentPostprocessing = 0;
		};
/* End PBXSourcesBuildPhase section */

/* Begin PBXTargetDependency section */
		949821911B0B24EC00AC3239 /* PBXTargetDependency */ = {
			isa = PBXTargetDependency;
			target = 949821791B0B24EC00AC3239 /* Trax */;
			targetProxy = 949821901B0B24EC00AC3239 /* PBXContainerItemProxy */;
		};
/* End PBXTargetDependency section */

/* Begin PBXVariantGroup section */
		949821831B0B24EC00AC3239 /* Main.storyboard */ = {
			isa = PBXVariantGroup;
			children = (
				949821841B0B24EC00AC3239 /* Base */,
			);
			name = Main.storyboard;
			sourceTree = "<group>";
		};
		949821881B0B24EC00AC3239 /* LaunchScreen.xib */ = {
			isa = PBXVariantGroup;
			children = (
				949821891B0B24EC00AC3239 /* Base */,
			);
			name = LaunchScreen.xib;
			sourceTree = "<group>";
		};
/* End PBXVariantGroup section */

/* Begin XCBuildConfiguration section */
		949821971B0B24EC00AC3239 /* Debug */ = {
			isa = XCBuildConfiguration;
			buildSettings = {
				ALWAYS_SEARCH_USER_PATHS = NO;
				CLANG_CXX_LANGUAGE_STANDARD = "gnu++0x";
				CLANG_CXX_LIBRARY = "libc++";
				CLANG_ENABLE_MODULES = YES;
				CLANG_ENABLE_OBJC_ARC = YES;
				CLANG_WARN_BOOL_CONVERSION = YES;
				CLANG_WARN_CONSTANT_CONVERSION = YES;
				CLANG_WARN_DIRECT_OBJC_ISA_USAGE = YES_ERROR;
				CLANG_WARN_EMPTY_BODY = YES;
				CLANG_WARN_ENUM_CONVERSION = YES;
				CLANG_WARN_INT_CONVERSION = YES;
				CLANG_WARN_OBJC_ROOT_CLASS = YES_ERROR;
				CLANG_WARN_UNREACHABLE_CODE = YES;
				CLANG_WARN__DUPLICATE_METHOD_MATCH = YES;
				"CODE_SIGN_IDENTITY[sdk=iphoneos*]" = "iPhone Developer";
				COPY_PHASE_STRIP = NO;
				DEBUG_INFORMATION_FORMAT = "dwarf-with-dsym";
				ENABLE_STRICT_OBJC_MSGSEND = YES;
				GCC_C_LANGUAGE_STANDARD = gnu99;
				GCC_DYNAMIC_NO_PIC = NO;
				GCC_NO_COMMON_BLOCKS = YES;
				GCC_OPTIMIZATION_LEVEL = 0;
				GCC_PREPROCESSOR_DEFINITIONS = (
					"DEBUG=1",
					"$(inherited)",
				);
				GCC_SYMBOLS_PRIVATE_EXTERN = NO;
				GCC_WARN_64_TO_32_BIT_CONVERSION = YES;
				GCC_WARN_ABOUT_RETURN_TYPE = YES_ERROR;
				GCC_WARN_UNDECLARED_SELECTOR = YES;
				GCC_WARN_UNINITIALIZED_AUTOS = YES_AGGRESSIVE;
				GCC_WARN_UNUSED_FUNCTION = YES;
				GCC_WARN_UNUSED_VARIABLE = YES;
				IPHONEOS_DEPLOYMENT_TARGET = 8.0;
				MTL_ENABLE_DEBUG_INFO = YES;
				ONLY_ACTIVE_ARCH = YES;
				SDKROOT = iphoneos;
				SWIFT_OPTIMIZATION_LEVEL = "-Onone";
				TARGETED_DEVICE_FAMILY = "1,2";
			};
			name = Debug;
		};
		949821981B0B24EC00AC3239 /* Release */ = {
			isa = XCBuildConfiguration;
			buildSettings = {
				ALWAYS_SEARCH_USER_PATHS = NO;
				CLANG_CXX_LANGUAGE_STANDARD = "gnu++0x";
				CLANG_CXX_LIBRARY = "libc++";
				CLANG_ENABLE_MODULES = YES;
				CLANG_ENABLE_OBJC_ARC = YES;
				CLANG_WARN_BOOL_CONVERSION = YES;
				CLANG_WARN_CONSTANT_CONVERSION = YES;
				CLANG_WARN_DIRECT_OBJC_ISA_USAGE = YES_ERROR;
				CLANG_WARN_EMPTY_BODY = YES;
				CLANG_WARN_ENUM_CONVERSION = YES;
				CLANG_WARN_INT_CONVERSION = YES;
				CLANG_WARN_OBJC_ROOT_CLASS = YES_ERROR;
				CLANG_WARN_UNREACHABLE_CODE = YES;
				CLANG_WARN__DUPLICATE_METHOD_MATCH = YES;
				"CODE_SIGN_IDENTITY[sdk=iphoneos*]" = "iPhone Developer";
				COPY_PHASE_STRIP = NO;
				DEBUG_INFORMATION_FORMAT = "dwarf-with-dsym";
				ENABLE_NS_ASSERTIONS = NO;
				ENABLE_STRICT_OBJC_MSGSEND = YES;
				GCC_C_LANGUAGE_STANDARD = gnu99;
				GCC_NO_COMMON_BLOCKS = YES;
				GCC_WARN_64_TO_32_BIT_CONVERSION = YES;
				GCC_WARN_ABOUT_RETURN_TYPE = YES_ERROR;
				GCC_WARN_UNDECLARED_SELECTOR = YES;
				GCC_WARN_UNINITIALIZED_AUTOS = YES_AGGRESSIVE;
				GCC_WARN_UNUSED_FUNCTION = YES;
				GCC_WARN_UNUSED_VARIABLE = YES;
				IPHONEOS_DEPLOYMENT_TARGET = 8.0;
				MTL_ENABLE_DEBUG_INFO = NO;
				SDKROOT = iphoneos;
				TARGETED_DEVICE_FAMILY = "1,2";
				VALIDATE_PRODUCT = YES;
			};
			name = Release;
		};
		9498219A1B0B24EC00AC3239 /* Debug */ = {
			isa = XCBuildConfiguration;
			buildSettings = {
				ASSETCATALOG_COMPILER_APPICON_NAME = AppIcon;
				INFOPLIST_FILE = Trax/Info.plist;
				IPHONEOS_DEPLOYMENT_TARGET = 8.0;
				LD_RUNPATH_SEARCH_PATHS = "$(inherited) @executable_path/Frameworks";
				PRODUCT_NAME = "$(TARGET_NAME)";
			};
			name = Debug;
		};
		9498219B1B0B24EC00AC3239 /* Release */ = {
			isa = XCBuildConfiguration;
			buildSettings = {
				ASSETCATALOG_COMPILER_APPICON_NAME = AppIcon;
				INFOPLIST_FILE = Trax/Info.plist;
				IPHONEOS_DEPLOYMENT_TARGET = 8.0;
				LD_RUNPATH_SEARCH_PATHS = "$(inherited) @executable_path/Frameworks";
				PRODUCT_NAME = "$(TARGET_NAME)";
			};
			name = Release;
		};
		9498219D1B0B24EC00AC3239 /* Debug */ = {
			isa = XCBuildConfiguration;
			buildSettings = {
				BUNDLE_LOADER = "$(TEST_HOST)";
				FRAMEWORK_SEARCH_PATHS = (
					"$(SDKROOT)/Developer/Library/Frameworks",
					"$(inherited)",
				);
				GCC_PREPROCESSOR_DEFINITIONS = (
					"DEBUG=1",
					"$(inherited)",
				);
				INFOPLIST_FILE = TraxTests/Info.plist;
				LD_RUNPATH_SEARCH_PATHS = "$(inherited) @executable_path/Frameworks @loader_path/Frameworks";
				PRODUCT_NAME = "$(TARGET_NAME)";
				TEST_HOST = "$(BUILT_PRODUCTS_DIR)/Trax.app/Trax";
			};
			name = Debug;
		};
		9498219E1B0B24EC00AC3239 /* Release */ = {
			isa = XCBuildConfiguration;
			buildSettings = {
				BUNDLE_LOADER = "$(TEST_HOST)";
				FRAMEWORK_SEARCH_PATHS = (
					"$(SDKROOT)/Developer/Library/Frameworks",
					"$(inherited)",
				);
				INFOPLIST_FILE = TraxTests/Info.plist;
				LD_RUNPATH_SEARCH_PATHS = "$(inherited) @executable_path/Frameworks @loader_path/Frameworks";
				PRODUCT_NAME = "$(TARGET_NAME)";
				TEST_HOST = "$(BUILT_PRODUCTS_DIR)/Trax.app/Trax";
			};
			name = Release;
		};
/* End XCBuildConfiguration section */

/* Begin XCConfigurationList section */
		949821751B0B24EC00AC3239 /* Build configuration list for PBXProject "Trax" */ = {
			isa = XCConfigurationList;
			buildConfigurations = (
				949821971B0B24EC00AC3239 /* Debug */,
				949821981B0B24EC00AC3239 /* Release */,
			);
			defaultConfigurationIsVisible = 0;
			defaultConfigurationName = Release;
		};
		949821991B0B24EC00AC3239 /* Build configuration list for PBXNativeTarget "Trax" */ = {
			isa = XCConfigurationList;
			buildConfigurations = (
				9498219A1B0B24EC00AC3239 /* Debug */,
				9498219B1B0B24EC00AC3239 /* Release */,
			);
			defaultConfigurationIsVisible = 0;
			defaultConfigurationName = Release;
		};
		9498219C1B0B24EC00AC3239 /* Build configuration list for PBXNativeTarget "TraxTests" */ = {
			isa = XCConfigurationList;
			buildConfigurations = (
				9498219D1B0B24EC00AC3239 /* Debug */,
				9498219E1B0B24EC00AC3239 /* Release */,
			);
			defaultConfigurationIsVisible = 0;
			defaultConfigurationName = Release;
		};
/* End XCConfigurationList section */
	};
	rootObject = 949821721B0B24EC00AC3239 /* Project object */;
}
